// !$*UTF8*$!
{
	archiveVersion = 1;
	classes = {
	};
	objectVersion = 46;
	objects = {

/* Begin PBXBuildFile section */
		8942F4951B3395E8007BAF19 /* main.m in Sources */ = {isa = PBXBuildFile; fileRef = 8942F4941B3395E8007BAF19 /* main.m */; };
		8942F4981B3395E8007BAF19 /* AppDelegate.m in Sources */ = {isa = PBXBuildFile; fileRef = 8942F4971B3395E8007BAF19 /* AppDelegate.m */; };
		8942F49B1B3395E8007BAF19 /* CM_Baseball.xcdatamodeld in Sources */ = {isa = PBXBuildFile; fileRef = 8942F4991B3395E8007BAF19 /* CM_Baseball.xcdatamodeld */; };
		8942F49E1B3395E8007BAF19 /* Start.m in Sources */ = {isa = PBXBuildFile; fileRef = 8942F49D1B3395E8007BAF19 /* Start.m */; };
		8942F4A11B3395E8007BAF19 /* Main.storyboard in Resources */ = {isa = PBXBuildFile; fileRef = 8942F49F1B3395E8007BAF19 /* Main.storyboard */; };
		8942F4A31B3395E8007BAF19 /* Images.xcassets in Resources */ = {isa = PBXBuildFile; fileRef = 8942F4A21B3395E8007BAF19 /* Images.xcassets */; };
		8942F4A61B3395E8007BAF19 /* LaunchScreen.xib in Resources */ = {isa = PBXBuildFile; fileRef = 8942F4A41B3395E8007BAF19 /* LaunchScreen.xib */; };
		8942F4B21B3395E8007BAF19 /* CM_BaseballTests.m in Sources */ = {isa = PBXBuildFile; fileRef = 8942F4B11B3395E8007BAF19 /* CM_BaseballTests.m */; };
		8942F4BF1B339664007BAF19 /* Declarations.m in Sources */ = {isa = PBXBuildFile; fileRef = 8942F4BE1B339664007BAF19 /* Declarations.m */; };
/* End PBXBuildFile section */

/* Begin PBXContainerItemProxy section */
		8942F4AC1B3395E8007BAF19 /* PBXContainerItemProxy */ = {
			isa = PBXContainerItemProxy;
			containerPortal = 8942F4871B3395E7007BAF19 /* Project object */;
			proxyType = 1;
			remoteGlobalIDString = 8942F48E1B3395E8007BAF19;
			remoteInfo = "CM-Baseball";
		};
/* End PBXContainerItemProxy section */

/* Begin PBXFileReference section */
		8942F48F1B3395E8007BAF19 /* CM-Baseball.app */ = {isa = PBXFileReference; explicitFileType = wrapper.application; includeInIndex = 0; path = "CM-Baseball.app"; sourceTree = BUILT_PRODUCTS_DIR; };
		8942F4931B3395E8007BAF19 /* Info.plist */ = {isa = PBXFileReference; lastKnownFileType = text.plist.xml; path = Info.plist; sourceTree = "<group>"; };
		8942F4941B3395E8007BAF19 /* main.m */ = {isa = PBXFileReference; lastKnownFileType = sourcecode.c.objc; path = main.m; sourceTree = "<group>"; };
		8942F4961B3395E8007BAF19 /* AppDelegate.h */ = {isa = PBXFileReference; lastKnownFileType = sourcecode.c.h; name = AppDelegate.h; path = "CM-Baseball/AppDelegate.h"; sourceTree = "<group>"; };
		8942F4971B3395E8007BAF19 /* AppDelegate.m */ = {isa = PBXFileReference; lastKnownFileType = sourcecode.c.objc; name = AppDelegate.m; path = "CM-Baseball/AppDelegate.m"; sourceTree = "<group>"; };
		8942F49A1B3395E8007BAF19 /* CM_Baseball.xcdatamodel */ = {isa = PBXFileReference; lastKnownFileType = wrapper.xcdatamodel; path = CM_Baseball.xcdatamodel; sourceTree = "<group>"; };
		8942F49C1B3395E8007BAF19 /* Start.h */ = {isa = PBXFileReference; lastKnownFileType = sourcecode.c.h; path = Start.h; sourceTree = "<group>"; };
		8942F49D1B3395E8007BAF19 /* Start.m */ = {isa = PBXFileReference; lastKnownFileType = sourcecode.c.objc; path = Start.m; sourceTree = "<group>"; };
		8942F4A01B3395E8007BAF19 /* Base */ = {isa = PBXFileReference; lastKnownFileType = file.storyboard; name = Base; path = Base.lproj/Main.storyboard; sourceTree = "<group>"; };
		8942F4A21B3395E8007BAF19 /* Images.xcassets */ = {isa = PBXFileReference; lastKnownFileType = folder.assetcatalog; path = Images.xcassets; sourceTree = "<group>"; };
		8942F4A51B3395E8007BAF19 /* Base */ = {isa = PBXFileReference; lastKnownFileType = file.xib; name = Base; path = Base.lproj/LaunchScreen.xib; sourceTree = "<group>"; };
		8942F4AB1B3395E8007BAF19 /* CM-BaseballTests.xctest */ = {isa = PBXFileReference; explicitFileType = wrapper.cfbundle; includeInIndex = 0; path = "CM-BaseballTests.xctest"; sourceTree = BUILT_PRODUCTS_DIR; };
		8942F4B01B3395E8007BAF19 /* Info.plist */ = {isa = PBXFileReference; lastKnownFileType = text.plist.xml; path = Info.plist; sourceTree = "<group>"; };
		8942F4B11B3395E8007BAF19 /* CM_BaseballTests.m */ = {isa = PBXFileReference; lastKnownFileType = sourcecode.c.objc; path = CM_BaseballTests.m; sourceTree = "<group>"; };
		8942F4BD1B339664007BAF19 /* Declarations.h */ = {isa = PBXFileReference; fileEncoding = 4; lastKnownFileType = sourcecode.c.h; path = Declarations.h; sourceTree = "<group>"; };
		8942F4BE1B339664007BAF19 /* Declarations.m */ = {isa = PBXFileReference; fileEncoding = 4; lastKnownFileType = sourcecode.c.objc; path = Declarations.m; sourceTree = "<group>"; };
/* End PBXFileReference section */

/* Begin PBXFrameworksBuildPhase section */
		8942F48C1B3395E8007BAF19 /* Frameworks */ = {
			isa = PBXFrameworksBuildPhase;
			buildActionMask = 2147483647;
			files = (
			);
			runOnlyForDeploymentPostprocessing = 0;
		};
		8942F4A81B3395E8007BAF19 /* Frameworks */ = {
			isa = PBXFrameworksBuildPhase;
			buildActionMask = 2147483647;
			files = (
			);
			runOnlyForDeploymentPostprocessing = 0;
		};
/* End PBXFrameworksBuildPhase section */

/* Begin PBXGroup section */
		8942F4861B3395E7007BAF19 = {
			isa = PBXGroup;
			children = (
				8942F4911B3395E8007BAF19 /* CM-Baseball */,
				8942F4AE1B3395E8007BAF19 /* CM-BaseballTests */,
				8942F4901B3395E8007BAF19 /* Products */,
			);
			sourceTree = "<group>";
		};
		8942F4901B3395E8007BAF19 /* Products */ = {
			isa = PBXGroup;
			children = (
				8942F48F1B3395E8007BAF19 /* CM-Baseball.app */,
				8942F4AB1B3395E8007BAF19 /* CM-BaseballTests.xctest */,
			);
			name = Products;
			sourceTree = "<group>";
		};
		8942F4911B3395E8007BAF19 /* CM-Baseball */ = {
			isa = PBXGroup;
			children = (
				8942F4BB1B339633007BAF19 /* Main */,
				8942F4BC1B33963C007BAF19 /* Controllers */,
				8942F4C01B339685007BAF19 /* Cells */,
				8942F49F1B3395E8007BAF19 /* Main.storyboard */,
				8942F4A21B3395E8007BAF19 /* Images.xcassets */,
				8942F4A41B3395E8007BAF19 /* LaunchScreen.xib */,
				8942F4991B3395E8007BAF19 /* CM_Baseball.xcdatamodeld */,
				8942F4921B3395E8007BAF19 /* Supporting Files */,
			);
			path = "CM-Baseball";
			sourceTree = "<group>";
		};
		8942F4921B3395E8007BAF19 /* Supporting Files */ = {
			isa = PBXGroup;
			children = (
				8942F4931B3395E8007BAF19 /* Info.plist */,
				8942F4941B3395E8007BAF19 /* main.m */,
			);
			name = "Supporting Files";
			sourceTree = "<group>";
		};
		8942F4AE1B3395E8007BAF19 /* CM-BaseballTests */ = {
			isa = PBXGroup;
			children = (
				8942F4B11B3395E8007BAF19 /* CM_BaseballTests.m */,
				8942F4AF1B3395E8007BAF19 /* Supporting Files */,
			);
			path = "CM-BaseballTests";
			sourceTree = "<group>";
		};
		8942F4AF1B3395E8007BAF19 /* Supporting Files */ = {
			isa = PBXGroup;
			children = (
				8942F4B01B3395E8007BAF19 /* Info.plist */,
			);
			name = "Supporting Files";
			sourceTree = "<group>";
		};
		8942F4BB1B339633007BAF19 /* Main */ = {
			isa = PBXGroup;
			children = (
				8942F4961B3395E8007BAF19 /* AppDelegate.h */,
				8942F4971B3395E8007BAF19 /* AppDelegate.m */,
				8942F4BD1B339664007BAF19 /* Declarations.h */,
				8942F4BE1B339664007BAF19 /* Declarations.m */,
			);
			name = Main;
			path = ..;
			sourceTree = "<group>";
		};
		8942F4BC1B33963C007BAF19 /* Controllers */ = {
			isa = PBXGroup;
			children = (
				8942F49C1B3395E8007BAF19 /* Start.h */,
				8942F49D1B3395E8007BAF19 /* Start.m */,
			);
			name = Controllers;
			sourceTree = "<group>";
		};
		8942F4C01B339685007BAF19 /* Cells */ = {
			isa = PBXGroup;
			children = (
			);
			name = Cells;
			sourceTree = "<group>";
		};
/* End PBXGroup section */

/* Begin PBXNativeTarget section */
		8942F48E1B3395E8007BAF19 /* CM-Baseball */ = {
			isa = PBXNativeTarget;
			buildConfigurationList = 8942F4B51B3395E8007BAF19 /* Build configuration list for PBXNativeTarget "CM-Baseball" */;
			buildPhases = (
				8942F48B1B3395E8007BAF19 /* Sources */,
				8942F48C1B3395E8007BAF19 /* Frameworks */,
				8942F48D1B3395E8007BAF19 /* Resources */,
			);
			buildRules = (
			);
			dependencies = (
			);
			name = "CM-Baseball";
			productName = "CM-Baseball";
			productReference = 8942F48F1B3395E8007BAF19 /* CM-Baseball.app */;
			productType = "com.apple.product-type.application";
		};
		8942F4AA1B3395E8007BAF19 /* CM-BaseballTests */ = {
			isa = PBXNativeTarget;
			buildConfigurationList = 8942F4B81B3395E8007BAF19 /* Build configuration list for PBXNativeTarget "CM-BaseballTests" */;
			buildPhases = (
				8942F4A71B3395E8007BAF19 /* Sources */,
				8942F4A81B3395E8007BAF19 /* Frameworks */,
				8942F4A91B3395E8007BAF19 /* Resources */,
			);
			buildRules = (
			);
			dependencies = (
				8942F4AD1B3395E8007BAF19 /* PBXTargetDependency */,
			);
			name = "CM-BaseballTests";
			productName = "CM-BaseballTests";
			productReference = 8942F4AB1B3395E8007BAF19 /* CM-BaseballTests.xctest */;
			productType = "com.apple.product-type.bundle.unit-test";
		};
/* End PBXNativeTarget section */

/* Begin PBXProject section */
		8942F4871B3395E7007BAF19 /* Project object */ = {
			isa = PBXProject;
			attributes = {
				LastUpgradeCheck = 0630;
				ORGANIZATIONNAME = 0x00;
				TargetAttributes = {
					8942F48E1B3395E8007BAF19 = {
						CreatedOnToolsVersion = 6.3.2;
					};
					8942F4AA1B3395E8007BAF19 = {
						CreatedOnToolsVersion = 6.3.2;
						TestTargetID = 8942F48E1B3395E8007BAF19;
					};
				};
			};
			buildConfigurationList = 8942F48A1B3395E7007BAF19 /* Build configuration list for PBXProject "CM-Baseball" */;
			compatibilityVersion = "Xcode 3.2";
			developmentRegion = English;
			hasScannedForEncodings = 0;
			knownRegions = (
				en,
				Base,
			);
			mainGroup = 8942F4861B3395E7007BAF19;
			productRefGroup = 8942F4901B3395E8007BAF19 /* Products */;
			projectDirPath = "";
			projectRoot = "";
			targets = (
				8942F48E1B3395E8007BAF19 /* CM-Baseball */,
				8942F4AA1B3395E8007BAF19 /* CM-BaseballTests */,
			);
		};
/* End PBXProject section */

/* Begin PBXResourcesBuildPhase section */
		8942F48D1B3395E8007BAF19 /* Resources */ = {
			isa = PBXResourcesBuildPhase;
			buildActionMask = 2147483647;
			files = (
				8942F4A11B3395E8007BAF19 /* Main.storyboard in Resources */,
				8942F4A61B3395E8007BAF19 /* LaunchScreen.xib in Resources */,
				8942F4A31B3395E8007BAF19 /* Images.xcassets in Resources */,
			);
			runOnlyForDeploymentPostprocessing = 0;
		};
		8942F4A91B3395E8007BAF19 /* Resources */ = {
			isa = PBXResourcesBuildPhase;
			buildActionMask = 2147483647;
			files = (
			);
			runOnlyForDeploymentPostprocessing = 0;
		};
/* End PBXResourcesBuildPhase section */

/* Begin PBXSourcesBuildPhase section */
		8942F48B1B3395E8007BAF19 /* Sources */ = {
			isa = PBXSourcesBuildPhase;
			buildActionMask = 2147483647;
			files = (
				8942F49B1B3395E8007BAF19 /* CM_Baseball.xcdatamodeld in Sources */,
				8942F4981B3395E8007BAF19 /* AppDelegate.m in Sources */,
				8942F49E1B3395E8007BAF19 /* Start.m in Sources */,
				8942F4951B3395E8007BAF19 /* main.m in Sources */,
				8942F4BF1B339664007BAF19 /* Declarations.m in Sources */,
			);
			runOnlyForDeploymentPostprocessing = 0;
		};
		8942F4A71B3395E8007BAF19 /* Sources */ = {
			isa = PBXSourcesBuildPhase;
			buildActionMask = 2147483647;
			files = (
				8942F4B21B3395E8007BAF19 /* CM_BaseballTests.m in Sources */,
			);
			runOnlyForDeploymentPostprocessing = 0;
		};
/* End PBXSourcesBuildPhase section */

/* Begin PBXTargetDependency section */
		8942F4AD1B3395E8007BAF19 /* PBXTargetDependency */ = {
			isa = PBXTargetDependency;
			target = 8942F48E1B3395E8007BAF19 /* CM-Baseball */;
			targetProxy = 8942F4AC1B3395E8007BAF19 /* PBXContainerItemProxy */;
		};
/* End PBXTargetDependency section */

/* Begin PBXVariantGroup section */
		8942F49F1B3395E8007BAF19 /* Main.storyboard */ = {
			isa = PBXVariantGroup;
			children = (
				8942F4A01B3395E8007BAF19 /* Base */,
			);
			name = Main.storyboard;
			sourceTree = "<group>";
		};
		8942F4A41B3395E8007BAF19 /* LaunchScreen.xib */ = {
			isa = PBXVariantGroup;
			children = (
				8942F4A51B3395E8007BAF19 /* Base */,
			);
			name = LaunchScreen.xib;
			sourceTree = "<group>";
		};
/* End PBXVariantGroup section */

/* Begin XCBuildConfiguration section */
		8942F4B31B3395E8007BAF19 /* Debug */ = {
			isa = XCBuildConfiguration;
			buildSettings = {
				ALWAYS_SEARCH_USER_PATHS = NO;
				CLANG_CXX_LANGUAGE_STANDARD = "gnu++0x";
				CLANG_CXX_LIBRARY = "libc++";
				CLANG_ENABLE_MODULES = YES;
				CLANG_ENABLE_OBJC_ARC = YES;
				CLANG_WARN_BOOL_CONVERSION = YES;
				CLANG_WARN_CONSTANT_CONVERSION = YES;
				CLANG_WARN_DIRECT_OBJC_ISA_USAGE = YES_ERROR;
				CLANG_WARN_EMPTY_BODY = YES;
				CLANG_WARN_ENUM_CONVERSION = YES;
				CLANG_WARN_INT_CONVERSION = YES;
				CLANG_WARN_OBJC_ROOT_CLASS = YES_ERROR;
				CLANG_WARN_UNREACHABLE_CODE = YES;
				CLANG_WARN__DUPLICATE_METHOD_MATCH = YES;
				"CODE_SIGN_IDENTITY[sdk=iphoneos*]" = "iPhone Developer";
				COPY_PHASE_STRIP = NO;
				DEBUG_INFORMATION_FORMAT = "dwarf-with-dsym";
				ENABLE_STRICT_OBJC_MSGSEND = YES;
				GCC_C_LANGUAGE_STANDARD = gnu99;
				GCC_DYNAMIC_NO_PIC = NO;
				GCC_NO_COMMON_BLOCKS = YES;
				GCC_OPTIMIZATION_LEVEL = 0;
				GCC_PREPROCESSOR_DEFINITIONS = (
					"DEBUG=1",
					"$(inherited)",
				);
				GCC_SYMBOLS_PRIVATE_EXTERN = NO;
				GCC_WARN_64_TO_32_BIT_CONVERSION = YES;
				GCC_WARN_ABOUT_RETURN_TYPE = YES_ERROR;
				GCC_WARN_UNDECLARED_SELECTOR = YES;
				GCC_WARN_UNINITIALIZED_AUTOS = YES_AGGRESSIVE;
				GCC_WARN_UNUSED_FUNCTION = YES;
				GCC_WARN_UNUSED_VARIABLE = YES;
				IPHONEOS_DEPLOYMENT_TARGET = 8.3;
				MTL_ENABLE_DEBUG_INFO = YES;
				ONLY_ACTIVE_ARCH = YES;
				SDKROOT = iphoneos;
			};
			name = Debug;
		};
		8942F4B41B3395E8007BAF19 /* Release */ = {
			isa = XCBuildConfiguration;
			buildSettings = {
				ALWAYS_SEARCH_USER_PATHS = NO;
				CLANG_CXX_LANGUAGE_STANDARD = "gnu++0x";
				CLANG_CXX_LIBRARY = "libc++";
				CLANG_ENABLE_MODULES = YES;
				CLANG_ENABLE_OBJC_ARC = YES;
				CLANG_WARN_BOOL_CONVERSION = YES;
				CLANG_WARN_CONSTANT_CONVERSION = YES;
				CLANG_WARN_DIRECT_OBJC_ISA_USAGE = YES_ERROR;
				CLANG_WARN_EMPTY_BODY = YES;
				CLANG_WARN_ENUM_CONVERSION = YES;
				CLANG_WARN_INT_CONVERSION = YES;
				CLANG_WARN_OBJC_ROOT_CLASS = YES_ERROR;
				CLANG_WARN_UNREACHABLE_CODE = YES;
				CLANG_WARN__DUPLICATE_METHOD_MATCH = YES;
				"CODE_SIGN_IDENTITY[sdk=iphoneos*]" = "iPhone Developer";
				COPY_PHASE_STRIP = NO;
				DEBUG_INFORMATION_FORMAT = "dwarf-with-dsym";
				ENABLE_NS_ASSERTIONS = NO;
				ENABLE_STRICT_OBJC_MSGSEND = YES;
				GCC_C_LANGUAGE_STANDARD = gnu99;
				GCC_NO_COMMON_BLOCKS = YES;
				GCC_WARN_64_TO_32_BIT_CONVERSION = YES;
				GCC_WARN_ABOUT_RETURN_TYPE = YES_ERROR;
				GCC_WARN_UNDECLARED_SELECTOR = YES;
				GCC_WARN_UNINITIALIZED_AUTOS = YES_AGGRESSIVE;
				GCC_WARN_UNUSED_FUNCTION = YES;
				GCC_WARN_UNUSED_VARIABLE = YES;
				IPHONEOS_DEPLOYMENT_TARGET = 8.3;
				MTL_ENABLE_DEBUG_INFO = NO;
				SDKROOT = iphoneos;
				VALIDATE_PRODUCT = YES;
			};
			name = Release;
		};
		8942F4B61B3395E8007BAF19 /* Debug */ = {
			isa = XCBuildConfiguration;
			buildSettings = {
				ASSETCATALOG_COMPILER_APPICON_NAME = AppIcon;
				INFOPLIST_FILE = "CM-Baseball/Info.plist";
				LD_RUNPATH_SEARCH_PATHS = "$(inherited) @executable_path/Frameworks";
				PRODUCT_NAME = "$(TARGET_NAME)";
			};
			name = Debug;
		};
		8942F4B71B3395E8007BAF19 /* Release */ = {
			isa = XCBuildConfiguration;
			buildSettings = {
				ASSETCATALOG_COMPILER_APPICON_NAME = AppIcon;
				INFOPLIST_FILE = "CM-Baseball/Info.plist";
				LD_RUNPATH_SEARCH_PATHS = "$(inherited) @executable_path/Frameworks";
				PRODUCT_NAME = "$(TARGET_NAME)";
			};
			name = Release;
		};
		8942F4B91B3395E8007BAF19 /* Debug */ = {
			isa = XCBuildConfiguration;
			buildSettings = {
				BUNDLE_LOADER = "$(TEST_HOST)";
				FRAMEWORK_SEARCH_PATHS = (
					"$(SDKROOT)/Developer/Library/Frameworks",
					"$(inherited)",
				);
				GCC_PREPROCESSOR_DEFINITIONS = (
					"DEBUG=1",
					"$(inherited)",
				);
				INFOPLIST_FILE = "CM-BaseballTests/Info.plist";
				LD_RUNPATH_SEARCH_PATHS = "$(inherited) @executable_path/Frameworks @loader_path/Frameworks";
				PRODUCT_NAME = "$(TARGET_NAME)";
				TEST_HOST = "$(BUILT_PRODUCTS_DIR)/CM-Baseball.app/CM-Baseball";
			};
			name = Debug;
		};
		8942F4BA1B3395E8007BAF19 /* Release */ = {
			isa = XCBuildConfiguration;
			buildSettings = {
				BUNDLE_LOADER = "$(TEST_HOST)";
				FRAMEWORK_SEARCH_PATHS = (
					"$(SDKROOT)/Developer/Library/Frameworks",
					"$(inherited)",
				);
				INFOPLIST_FILE = "CM-BaseballTests/Info.plist";
				LD_RUNPATH_SEARCH_PATHS = "$(inherited) @executable_path/Frameworks @loader_path/Frameworks";
				PRODUCT_NAME = "$(TARGET_NAME)";
				TEST_HOST = "$(BUILT_PRODUCTS_DIR)/CM-Baseball.app/CM-Baseball";
			};
			name = Release;
		};
/* End XCBuildConfiguration section */

/* Begin XCConfigurationList section */
		8942F48A1B3395E7007BAF19 /* Build configuration list for PBXProject "CM-Baseball" */ = {
			isa = XCConfigurationList;
			buildConfigurations = (
				8942F4B31B3395E8007BAF19 /* Debug */,
				8942F4B41B3395E8007BAF19 /* Release */,
			);
			defaultConfigurationIsVisible = 0;
			defaultConfigurationName = Release;
		};
		8942F4B51B3395E8007BAF19 /* Build configuration list for PBXNativeTarget "CM-Baseball" */ = {
			isa = XCConfigurationList;
			buildConfigurations = (
				8942F4B61B3395E8007BAF19 /* Debug */,
				8942F4B71B3395E8007BAF19 /* Release */,
			);
			defaultConfigurationIsVisible = 0;
		};
		8942F4B81B3395E8007BAF19 /* Build configuration list for PBXNativeTarget "CM-BaseballTests" */ = {
			isa = XCConfigurationList;
			buildConfigurations = (
				8942F4B91B3395E8007BAF19 /* Debug */,
				8942F4BA1B3395E8007BAF19 /* Release */,
			);
			defaultConfigurationIsVisible = 0;
		};
/* End XCConfigurationList section */

/* Begin XCVersionGroup section */
		8942F4991B3395E8007BAF19 /* CM_Baseball.xcdatamodeld */ = {
			isa = XCVersionGroup;
			children = (
				8942F49A1B3395E8007BAF19 /* CM_Baseball.xcdatamodel */,
			);
			currentVersion = 8942F49A1B3395E8007BAF19 /* CM_Baseball.xcdatamodel */;
			path = CM_Baseball.xcdatamodeld;
			sourceTree = "<group>";
			versionGroupType = wrapper.xcdatamodel;
		};
/* End XCVersionGroup section */
	};
	rootObject = 8942F4871B3395E7007BAF19 /* Project object */;
}
